# This file is autogenerated, do not edit; changes may be undone by the next 'dep ensure'.


[[projects]]
  name = "github.com/shopspring/decimal"
  packages = ["."]
  revision = "9ca7f51822d222ae4e246f070f9aad863599bd1a"
  version = "1.0.0"

[solve-meta]
  analyzer-name = "dep"
  analyzer-version = 1
  inputs-digest = "86171abe082ba4c47123d1dfa9e759011cf54e0fdbd474f0043589dc1d82526c"
  solver-name = "gps-cdcl"
  solver-version = 1
